
Microsoft Visual Studio Solution File, Format Version 12.00
Project("{FAE04EC0-301F-11D3-BF4B-00C04F79EFBC}") = "Tutorial12", "Tutorial12\Tutorial12.csproj", "{70D18569-58C9-439C-96F1-EB83AE23195C}"
EndProject
Global
	GlobalSection(SolutionConfigurationPlatforms) = preSolution
		Debug|Any CPU = Debug|Any CPU
		Release|Any CPU = Release|Any CPU
	EndGlobalSection
	GlobalSection(ProjectConfigurationPlatforms) = postSolution
		{70D18569-58C9-439C-96F1-EB83AE23195C}.Debug|Any CPU.ActiveCfg = Debug|Any CPU
		{70D18569-58C9-439C-96F1-EB83AE23195C}.Debug|Any CPU.Build.0 = Debug|Any CPU
		{70D18569-58C9-439C-96F1-EB83AE23195C}.Release|Any CPU.ActiveCfg = Release|Any CPU
		{70D18569-58C9-439C-96F1-EB83AE23195C}.Release|Any CPU.Build.0 = Release|Any CPU
	EndGlobalSection
EndGlobal
